
Microsoft Visual Studio Solution File, Format Version 12.00
Project("{FAE04EC0-301F-11D3-BF4B-00C04F79EFBC}") = "Homework08", "Homework08\Homework08.csproj", "{2FDA3943-811C-4B6A-AD5B-AA3188D66877}"
EndProject
Project("{FAE04EC0-301F-11D3-BF4B-00C04F79EFBC}") = "Homework05", "..\Homework05\Homework05\Homework05.csproj", "{C0CA82D8-FFC9-49ED-A3D2-6D9CD1490089}"
EndProject
Global
	GlobalSection(SolutionConfigurationPlatforms) = preSolution
		Debug|Any CPU = Debug|Any CPU
		Release|Any CPU = Release|Any CPU
	EndGlobalSection
	GlobalSection(ProjectConfigurationPlatforms) = postSolution
		{C0CA82D8-FFC9-49ED-A3D2-6D9CD1490089}.Debug|Any CPU.ActiveCfg = Debug|Any CPU
		{C0CA82D8-FFC9-49ED-A3D2-6D9CD1490089}.Debug|Any CPU.Build.0 = Debug|Any CPU
		{C0CA82D8-FFC9-49ED-A3D2-6D9CD1490089}.Release|Any CPU.ActiveCfg = Release|Any CPU
		{C0CA82D8-FFC9-49ED-A3D2-6D9CD1490089}.Release|Any CPU.Build.0 = Release|Any CPU
		{2FDA3943-811C-4B6A-AD5B-AA3188D66877}.Debug|Any CPU.ActiveCfg = Debug|Any CPU
		{2FDA3943-811C-4B6A-AD5B-AA3188D66877}.Debug|Any CPU.Build.0 = Debug|Any CPU
	EndGlobalSection
EndGlobal
